{
    "_meta": {
        "hash": {
            "sha256": "cc8a131256f7acfeaf33b937c61788e4f5bd131da1f5db08e540741c3a0f7ad2"
        },
        "pipfile-spec": 6,
        "requires": {
            "python_version": "3.7"
        },
        "sources": [
            {
                "name": "pypi",
                "url": "https://pypi.org/simple",
                "verify_ssl": true
            }
        ]
    },
    "default": {
        "pony": {
            "hashes": [
                "sha256:0d72f4ab9d50d42f275606c0c2812aa704bf3a37ac8f2a60c9892eff3f90d615",
                "sha256:b18434011c03c2981e44a2cfbbaeec4bdebe30adb434d1dfd6be8f59d07f37bd",
                "sha256:c6dee426b50001a5cf984f201b2b61d66acd8f5018813e3a587467971f30ec2a"
            ],
            "index": "pypi",
            "version": "==0.7.6"
        }
    },
    "develop": {}
}
